
Microsoft Visual Studio Solution File, Format Version 12.00
# Visual Studio Version 16
VisualStudioVersion = 16.0.30011.22
MinimumVisualStudioVersion = 10.0.40219.1
Project("{FAE04EC0-301F-11D3-BF4B-00C04F79EFBC}") = "kino.Android", "kino\kino.Android\kino.Android.csproj", "{8F8BE575-CE39-442A-AAAC-862B88B17565}"
EndProject
Project("{FAE04EC0-301F-11D3-BF4B-00C04F79EFBC}") = "kino", "kino\kino\kino.csproj", "{85A914B7-06FC-4F30-B698-3C5D52AFEC3A}"
EndProject
Global
	GlobalSection(SolutionConfigurationPlatforms) = preSolution
		Debug|Any CPU = Debug|Any CPU
		Release|Any CPU = Release|Any CPU
	EndGlobalSection
	GlobalSection(ProjectConfigurationPlatforms) = postSolution
		{8F8BE575-CE39-442A-AAAC-862B88B17565}.Debug|Any CPU.ActiveCfg = Debug|Any CPU
		{8F8BE575-CE39-442A-AAAC-862B88B17565}.Debug|Any CPU.Build.0 = Debug|Any CPU
		{8F8BE575-CE39-442A-AAAC-862B88B17565}.Debug|Any CPU.Deploy.0 = Debug|Any CPU
		{8F8BE575-CE39-442A-AAAC-862B88B17565}.Release|Any CPU.ActiveCfg = Release|Any CPU
		{8F8BE575-CE39-442A-AAAC-862B88B17565}.Release|Any CPU.Build.0 = Release|Any CPU
		{8F8BE575-CE39-442A-AAAC-862B88B17565}.Release|Any CPU.Deploy.0 = Release|Any CPU
		{85A914B7-06FC-4F30-B698-3C5D52AFEC3A}.Debug|Any CPU.ActiveCfg = Debug|Any CPU
		{85A914B7-06FC-4F30-B698-3C5D52AFEC3A}.Debug|Any CPU.Build.0 = Debug|Any CPU
		{85A914B7-06FC-4F30-B698-3C5D52AFEC3A}.Debug|Any CPU.Deploy.0 = Debug|Any CPU
		{85A914B7-06FC-4F30-B698-3C5D52AFEC3A}.Release|Any CPU.ActiveCfg = Release|Any CPU
		{85A914B7-06FC-4F30-B698-3C5D52AFEC3A}.Release|Any CPU.Build.0 = Release|Any CPU
		{85A914B7-06FC-4F30-B698-3C5D52AFEC3A}.Release|Any CPU.Deploy.0 = Release|Any CPU
	EndGlobalSection
	GlobalSection(SolutionProperties) = preSolution
		HideSolutionNode = FALSE
	EndGlobalSection
	GlobalSection(ExtensibilityGlobals) = postSolution
		SolutionGuid = {F0326C53-4F39-41B3-B1ED-8E0406826F6E}
	EndGlobalSection
EndGlobal
